{
  "name": "data-table",
  "version": "0.10.5",
  "lockfileVersion": 1,
  "requires": true,
  "dependencies": {
    "@babel/runtime": {
      "version": "7.6.3",
      "resolved": "https://registry.npmjs.org/@babel/runtime/-/runtime-7.6.3.tgz",
      "integrity": "sha512-kq6anf9JGjW8Nt5rYfEuGRaEAaH1mkv3Bbu6rYvLOpPh/RusSJXuKPEAoZ7L7gybZkchE8+NV5g9vKF4AGAtsA==",
      "requires": {
        "regenerator-runtime": "^0.13.2"
      }
    },
    "@vital-ui/react-badge": {
      "version": "0.10.5",
      "resolved": "https://registry.npmjs.org/@vital-ui/react-badge/-/react-badge-0.10.5.tgz",
      "integrity": "sha512-UGrpAAnX+lnFXPTOcqXdq62eiE3ChxDUImG6ZWHRJ/xkRobgXGPN10Io+vlK03uwTf0QQnYUcdPL8s9Ny7Z89w==",
      "requires": {
        "@vital-ui/react-theme": "^0.10.5",
        "@vital-ui/react-utils": "^0.10.5",
        "classnames": "^2.2.6"
      }
    },
    "@vital-ui/react-theme": {
      "version": "0.10.5",
      "resolved": "https://registry.npmjs.org/@vital-ui/react-theme/-/react-theme-0.10.5.tgz",
      "integrity": "sha512-2LOwYLmGRGkh9JsV8Mtzey+JhrtETEaInd45BZq/QiPYGbkz7lAM48R9r2pt2AJ85DkuBrD5jBZ6ekzUJh/Urw==",
      "requires": {
        "classnames": "^2.2.6",
        "lodash.merge": "^4.6.1",
        "polished": "^3.0.0"
      }
    },
    "@vital-ui/react-utils": {
      "version": "0.10.5",
      "resolved": "https://registry.npmjs.org/@vital-ui/react-utils/-/react-utils-0.10.5.tgz",
      "integrity": "sha512-Heib5QkPzG8RUMkSy19QpZBoSlGWXYB9/mE5IAqaIq4ZYUIx9QOJMgXzC0Fy+OlLGG5BDlypbNdSkQbYtPO/tA==",
      "requires": {
        "@vital-ui/react-theme": "^0.10.5",
        "classnames": "^2.2.6",
        "styled-system": "^3.2.1"
      }
    },
    "classnames": {
      "version": "2.2.6",
      "resolved": "https://registry.npmjs.org/classnames/-/classnames-2.2.6.tgz",
      "integrity": "sha512-JR/iSQOSt+LQIWwrwEzJ9uk0xfN3mTVYMwt1Ir5mUcSN6pU+V4zQFFaJsclJbPuAUQH+yfWef6tm7l1quW3C8Q=="
    },
    "js-tokens": {
      "version": "4.0.0",
      "resolved": "https://registry.npmjs.org/js-tokens/-/js-tokens-4.0.0.tgz",
      "integrity": "sha512-RdJUflcE3cUzKiMqQgsCu06FPu9UdIJO0beYbPhHN4k6apgJtifcoCtT9bcxOpYBtpD2kCM6Sbzg4CausW/PKQ=="
    },
    "lodash.merge": {
      "version": "4.6.2",
      "resolved": "https://registry.npmjs.org/lodash.merge/-/lodash.merge-4.6.2.tgz",
      "integrity": "sha512-0KpjqXRVvrYyCsX1swR/XTK0va6VQkQM6MNo7PqW77ByjAhoARA8EfrP1N4+KlKj8YS0ZUCtRT/YUuhyYDujIQ=="
    },
    "loose-envify": {
      "version": "1.4.0",
      "resolved": "https://registry.npmjs.org/loose-envify/-/loose-envify-1.4.0.tgz",
      "integrity": "sha512-lyuxPGr/Wfhrlem2CL/UcnUc1zcqKAImBDzukY7Y5F/yQiNdko6+fRLevlw1HgMySw7f611UIY408EtxRSoK3Q==",
      "requires": {
        "js-tokens": "^3.0.0 || ^4.0.0"
      }
    },
    "namor": {
      "version": "1.1.3",
      "resolved": "https://registry.npmjs.org/namor/-/namor-1.1.3.tgz",
      "integrity": "sha512-KCw02Mto4yquFTPUxFAY5ZJMBweClBrDrJXQTdN8dNSb3BHzhRlTLzJ0TTj0cG9n4ApkWJEOqEisCzsodFEvbA=="
    },
    "object-assign": {
      "version": "4.1.1",
      "resolved": "https://registry.npmjs.org/object-assign/-/object-assign-4.1.1.tgz",
      "integrity": "sha1-IQmtx5ZYh8/AXLvUQsrIv7s2CGM="
    },
    "polished": {
      "version": "3.4.1",
      "resolved": "https://registry.npmjs.org/polished/-/polished-3.4.1.tgz",
      "integrity": "sha512-GflTnlP5rrpDoigjczEkS6Ye7NDA4sFvAnlr5hSDrEvjiVj97Xzev3hZlLi3UB27fpxyTS9rWU64VzVLWkG+mg==",
      "requires": {
        "@babel/runtime": "^7.4.5"
      }
    },
    "prop-types": {
      "version": "15.7.2",
      "resolved": "https://registry.npmjs.org/prop-types/-/prop-types-15.7.2.tgz",
      "integrity": "sha512-8QQikdH7//R2vurIJSutZ1smHYTcLpRWEOlHnzcWHmBYrOGUysKwSsrC89BCiFj3CbrfJ/nXFdJepOVrY1GCHQ==",
      "requires": {
        "loose-envify": "^1.4.0",
        "object-assign": "^4.1.1",
        "react-is": "^16.8.1"
      }
    },
    "react-is": {
      "version": "16.11.0",
      "resolved": "https://registry.npmjs.org/react-is/-/react-is-16.11.0.tgz",
      "integrity": "sha512-gbBVYR2p8mnriqAwWx9LbuUrShnAuSCNnuPGyc7GJrMVQtPDAh8iLpv7FRuMPFb56KkaVZIYSz1PrjI9q0QPCw=="
    },
    "react-table": {
      "version": "7.0.0-beta.12",
      "resolved": "https://registry.npmjs.org/react-table/-/react-table-7.0.0-beta.12.tgz",
      "integrity": "sha512-h1c0KNTBRPAMgZumaNixr3X0w7kFTuqk6pHwia12LsMgnTHNEEeqp7+tQ5fTPwwMArp1/OHXeOdSKEes1C83iw=="
    },
    "regenerator-runtime": {
      "version": "0.13.3",
      "resolved": "https://registry.npmjs.org/regenerator-runtime/-/regenerator-runtime-0.13.3.tgz",
      "integrity": "sha512-naKIZz2GQ8JWh///G7L3X6LaQUAMp2lvb1rvwwsURe/VXwD6VMfr+/1NuNw3ag8v2kY1aQ/go5SNn79O9JU7yw=="
    },
    "styled-system": {
      "version": "3.2.1",
      "resolved": "https://registry.npmjs.org/styled-system/-/styled-system-3.2.1.tgz",
      "integrity": "sha512-ag0Yp7UeVHHc3t+1uM3jvlljaZYzwqpbJ8hMrFvpaKfUd8xsB9JeQXLwMpEsz8iLx8Lz/+9j0coWFZjmw8MogQ==",
      "requires": {
        "@babel/runtime": "^7.1.2",
        "prop-types": "^15.6.2"
      }
    },
    "typescript": {
      "version": "3.3.4000",
      "resolved": "https://registry.npmjs.org/typescript/-/typescript-3.3.4000.tgz",
      "integrity": "sha512-jjOcCZvpkl2+z7JFn0yBOoLQyLoIkNZAs/fYJkUG6VKy6zLPHJGfQJYFHzibB6GJaF/8QrcECtlQ5cpvRHSMEA==",
      "dev": true
    }
  }
}
